// !$*UTF8*$!
{
	archiveVersion = 1;
	classes = {
	};
	objectVersion = 56;
	objects = {

/* Begin PBXBuildFile section */
		B5BF87A52BF08469009FCE41 /* IWasHereApp.swift in Sources */ = {isa = PBXBuildFile; fileRef = B5BF87A42BF08469009FCE41 /* IWasHereApp.swift */; };
		B5BF87A72BF08469009FCE41 /* ContentView.swift in Sources */ = {isa = PBXBuildFile; fileRef = B5BF87A62BF08469009FCE41 /* ContentView.swift */; };
		B5BF87A92BF0846A009FCE41 /* Assets.xcassets in Resources */ = {isa = PBXBuildFile; fileRef = B5BF87A82BF0846A009FCE41 /* Assets.xcassets */; };
		B5BF87AC2BF0846A009FCE41 /* Preview Assets.xcassets in Resources */ = {isa = PBXBuildFile; fileRef = B5BF87AB2BF0846A009FCE41 /* Preview Assets.xcassets */; };
		B5FC298D2BF0C0E40094A8A4 /* LaunchScreen.storyboard in Resources */ = {isa = PBXBuildFile; fileRef = B5FC298C2BF0C0E40094A8A4 /* LaunchScreen.storyboard */; };
		B5FC298F2BF0C7E10094A8A4 /* ViewController.swift in Sources */ = {isa = PBXBuildFile; fileRef = B5FC298E2BF0C7E10094A8A4 /* ViewController.swift */; };
		B5FC29922BF1194B0094A8A4 /* ImageFeed.swift in Sources */ = {isa = PBXBuildFile; fileRef = B5FC29912BF1194B0094A8A4 /* ImageFeed.swift */; };
/* End PBXBuildFile section */

/* Begin PBXFileReference section */
		B5BF87A12BF08469009FCE41 /* IWasHere.app */ = {isa = PBXFileReference; explicitFileType = wrapper.application; includeInIndex = 0; path = IWasHere.app; sourceTree = BUILT_PRODUCTS_DIR; };
		B5BF87A42BF08469009FCE41 /* IWasHereApp.swift */ = {isa = PBXFileReference; lastKnownFileType = sourcecode.swift; path = IWasHereApp.swift; sourceTree = "<group>"; };
		B5BF87A62BF08469009FCE41 /* ContentView.swift */ = {isa = PBXFileReference; lastKnownFileType = sourcecode.swift; path = ContentView.swift; sourceTree = "<group>"; };
		B5BF87A82BF0846A009FCE41 /* Assets.xcassets */ = {isa = PBXFileReference; lastKnownFileType = folder.assetcatalog; path = Assets.xcassets; sourceTree = "<group>"; };
		B5BF87AB2BF0846A009FCE41 /* Preview Assets.xcassets */ = {isa = PBXFileReference; lastKnownFileType = folder.assetcatalog; path = "Preview Assets.xcassets"; sourceTree = "<group>"; };
		B5FC298C2BF0C0E40094A8A4 /* LaunchScreen.storyboard */ = {isa = PBXFileReference; lastKnownFileType = file.storyboard; path = LaunchScreen.storyboard; sourceTree = "<group>"; };
		B5FC298E2BF0C7E10094A8A4 /* ViewController.swift */ = {isa = PBXFileReference; lastKnownFileType = sourcecode.swift; path = ViewController.swift; sourceTree = "<group>"; };
		B5FC29902BF0C9750094A8A4 /* Info.plist */ = {isa = PBXFileReference; lastKnownFileType = text.plist; path = Info.plist; sourceTree = "<group>"; };
		B5FC29912BF1194B0094A8A4 /* ImageFeed.swift */ = {isa = PBXFileReference; lastKnownFileType = sourcecode.swift; path = ImageFeed.swift; sourceTree = "<group>"; };
/* End PBXFileReference section */

/* Begin PBXFrameworksBuildPhase section */
		B5BF879E2BF08469009FCE41 /* Frameworks */ = {
			isa = PBXFrameworksBuildPhase;
			buildActionMask = 2147483647;
			files = (
			);
			runOnlyForDeploymentPostprocessing = 0;
		};
/* End PBXFrameworksBuildPhase section */

/* Begin PBXGroup section */
		B5BF87982BF08469009FCE41 = {
			isa = PBXGroup;
			children = (
				B5BF87A32BF08469009FCE41 /* IWasHere */,
				B5BF87A22BF08469009FCE41 /* Products */,
			);
			sourceTree = "<group>";
		};
		B5BF87A22BF08469009FCE41 /* Products */ = {
			isa = PBXGroup;
			children = (
				B5BF87A12BF08469009FCE41 /* IWasHere.app */,
			);
			name = Products;
			sourceTree = "<group>";
		};
		B5BF87A32BF08469009FCE41 /* IWasHere */ = {
			isa = PBXGroup;
			children = (
				B5FC29902BF0C9750094A8A4 /* Info.plist */,
				B5FC298C2BF0C0E40094A8A4 /* LaunchScreen.storyboard */,
				B5BF87A42BF08469009FCE41 /* IWasHereApp.swift */,
				B5BF87A62BF08469009FCE41 /* ContentView.swift */,
				B5BF87A82BF0846A009FCE41 /* Assets.xcassets */,
				B5BF87AA2BF0846A009FCE41 /* Preview Content */,
				B5FC298E2BF0C7E10094A8A4 /* ViewController.swift */,
				B5FC29912BF1194B0094A8A4 /* ImageFeed.swift */,
			);
			path = IWasHere;
			sourceTree = "<group>";
		};
		B5BF87AA2BF0846A009FCE41 /* Preview Content */ = {
			isa = PBXGroup;
			children = (
				B5BF87AB2BF0846A009FCE41 /* Preview Assets.xcassets */,
			);
			path = "Preview Content";
			sourceTree = "<group>";
		};
/* End PBXGroup section */

/* Begin PBXNativeTarget section */
		B5BF87A02BF08469009FCE41 /* IWasHere */ = {
			isa = PBXNativeTarget;
			buildConfigurationList = B5BF87C52BF0846A009FCE41 /* Build configuration list for PBXNativeTarget "IWasHere" */;
			buildPhases = (
				B5BF879D2BF08469009FCE41 /* Sources */,
				B5BF879E2BF08469009FCE41 /* Frameworks */,
				B5BF879F2BF08469009FCE41 /* Resources */,
			);
			buildRules = (
			);
			dependencies = (
			);
			name = IWasHere;
			productName = IWasHere;
			productReference = B5BF87A12BF08469009FCE41 /* IWasHere.app */;
			productType = "com.apple.product-type.application";
		};
/* End PBXNativeTarget section */

/* Begin PBXProject section */
		B5BF87992BF08469009FCE41 /* Project object */ = {
			isa = PBXProject;
			attributes = {
				BuildIndependentTargetsInParallel = 1;
				LastSwiftUpdateCheck = 1530;
				LastUpgradeCheck = 1530;
				ORGANIZATIONNAME = matthewzierl.org;
				TargetAttributes = {
					B5BF87A02BF08469009FCE41 = {
						CreatedOnToolsVersion = 15.3;
					};
				};
			};
			buildConfigurationList = B5BF879C2BF08469009FCE41 /* Build configuration list for PBXProject "IWasHere" */;
			compatibilityVersion = "Xcode 14.0";
			developmentRegion = en;
			hasScannedForEncodings = 0;
			knownRegions = (
				en,
				Base,
			);
			mainGroup = B5BF87982BF08469009FCE41;
			productRefGroup = B5BF87A22BF08469009FCE41 /* Products */;
			projectDirPath = "";
			projectRoot = "";
			targets = (
				B5BF87A02BF08469009FCE41 /* IWasHere */,
			);
		};
/* End PBXProject section */

/* Begin PBXResourcesBuildPhase section */
		B5BF879F2BF08469009FCE41 /* Resources */ = {
			isa = PBXResourcesBuildPhase;
			buildActionMask = 2147483647;
			files = (
				B5FC298D2BF0C0E40094A8A4 /* LaunchScreen.storyboard in Resources */,
				B5BF87AC2BF0846A009FCE41 /* Preview Assets.xcassets in Resources */,
				B5BF87A92BF0846A009FCE41 /* Assets.xcassets in Resources */,
			);
			runOnlyForDeploymentPostprocessing = 0;
		};
/* End PBXResourcesBuildPhase section */

/* Begin PBXSourcesBuildPhase section */
		B5BF879D2BF08469009FCE41 /* Sources */ = {
			isa = PBXSourcesBuildPhase;
			buildActionMask = 2147483647;
			files = (
				B5FC298F2BF0C7E10094A8A4 /* ViewController.swift in Sources */,
				B5FC29922BF1194B0094A8A4 /* ImageFeed.swift in Sources */,
				B5BF87A72BF08469009FCE41 /* ContentView.swift in Sources */,
				B5BF87A52BF08469009FCE41 /* IWasHereApp.swift in Sources */,
			);
			runOnlyForDeploymentPostprocessing = 0;
		};
/* End PBXSourcesBuildPhase section */

/* Begin XCBuildConfiguration section */
		B5BF87C32BF0846A009FCE41 /* Debug */ = {
			isa = XCBuildConfiguration;
			buildSettings = {
				ALWAYS_SEARCH_USER_PATHS = NO;
				ASSETCATALOG_COMPILER_GENERATE_SWIFT_ASSET_SYMBOL_EXTENSIONS = YES;
				CLANG_ANALYZER_NONNULL = YES;
				CLANG_ANALYZER_NUMBER_OBJECT_CONVERSION = YES_AGGRESSIVE;
				CLANG_CXX_LANGUAGE_STANDARD = "gnu++20";
				CLANG_ENABLE_MODULES = YES;
				CLANG_ENABLE_OBJC_ARC = YES;
				CLANG_ENABLE_OBJC_WEAK = YES;
				CLANG_WARN_BLOCK_CAPTURE_AUTORELEASING = YES;
				CLANG_WARN_BOOL_CONVERSION = YES;
				CLANG_WARN_COMMA = YES;
				CLANG_WARN_CONSTANT_CONVERSION = YES;
				CLANG_WARN_DEPRECATED_OBJC_IMPLEMENTATIONS = YES;
				CLANG_WARN_DIRECT_OBJC_ISA_USAGE = YES_ERROR;
				CLANG_WARN_DOCUMENTATION_COMMENTS = YES;
				CLANG_WARN_EMPTY_BODY = YES;
				CLANG_WARN_ENUM_CONVERSION = YES;
				CLANG_WARN_INFINITE_RECURSION = YES;
				CLANG_WARN_INT_CONVERSION = YES;
				CLANG_WARN_NON_LITERAL_NULL_CONVERSION = YES;
				CLANG_WARN_OBJC_IMPLICIT_RETAIN_SELF = YES;
				CLANG_WARN_OBJC_LITERAL_CONVERSION = YES;
				CLANG_WARN_OBJC_ROOT_CLASS = YES_ERROR;
				CLANG_WARN_QUOTED_INCLUDE_IN_FRAMEWORK_HEADER = YES;
				CLANG_WARN_RANGE_LOOP_ANALYSIS = YES;
				CLANG_WARN_STRICT_PROTOTYPES = YES;
				CLANG_WARN_SUSPICIOUS_MOVE = YES;
				CLANG_WARN_UNGUARDED_AVAILABILITY = YES_AGGRESSIVE;
				CLANG_WARN_UNREACHABLE_CODE = YES;
				CLANG_WARN__DUPLICATE_METHOD_MATCH = YES;
				COPY_PHASE_STRIP = NO;
				DEBUG_INFORMATION_FORMAT = dwarf;
				ENABLE_STRICT_OBJC_MSGSEND = YES;
				ENABLE_TESTABILITY = YES;
				ENABLE_USER_SCRIPT_SANDBOXING = YES;
				GCC_C_LANGUAGE_STANDARD = gnu17;
				GCC_DYNAMIC_NO_PIC = NO;
				GCC_NO_COMMON_BLOCKS = YES;
				GCC_OPTIMIZATION_LEVEL = 0;
				GCC_PREPROCESSOR_DEFINITIONS = (
					"DEBUG=1",
					"$(inherited)",
				);
				GCC_WARN_64_TO_32_BIT_CONVERSION = YES;
				GCC_WARN_ABOUT_RETURN_TYPE = YES_ERROR;
				GCC_WARN_UNDECLARED_SELECTOR = YES;
				GCC_WARN_UNINITIALIZED_AUTOS = YES_AGGRESSIVE;
				GCC_WARN_UNUSED_FUNCTION = YES;
				GCC_WARN_UNUSED_VARIABLE = YES;
				IPHONEOS_DEPLOYMENT_TARGET = 17.4;
				LOCALIZATION_PREFERS_STRING_CATALOGS = YES;
				MTL_ENABLE_DEBUG_INFO = INCLUDE_SOURCE;
				MTL_FAST_MATH = YES;
				ONLY_ACTIVE_ARCH = YES;
				SDKROOT = iphoneos;
				SWIFT_ACTIVE_COMPILATION_CONDITIONS = "DEBUG $(inherited)";
				SWIFT_OPTIMIZATION_LEVEL = "-Onone";
			};
			name = Debug;
		};
		B5BF87C42BF0846A009FCE41 /* Release */ = {
			isa = XCBuildConfiguration;
			buildSettings = {
				ALWAYS_SEARCH_USER_PATHS = NO;
				ASSETCATALOG_COMPILER_GENERATE_SWIFT_ASSET_SYMBOL_EXTENSIONS = YES;
				CLANG_ANALYZER_NONNULL = YES;
				CLANG_ANALYZER_NUMBER_OBJECT_CONVERSION = YES_AGGRESSIVE;
				CLANG_CXX_LANGUAGE_STANDARD = "gnu++20";
				CLANG_ENABLE_MODULES = YES;
				CLANG_ENABLE_OBJC_ARC = YES;
				CLANG_ENABLE_OBJC_WEAK = YES;
				CLANG_WARN_BLOCK_CAPTURE_AUTORELEASING = YES;
				CLANG_WARN_BOOL_CONVERSION = YES;
				CLANG_WARN_COMMA = YES;
				CLANG_WARN_CONSTANT_CONVERSION = YES;
				CLANG_WARN_DEPRECATED_OBJC_IMPLEMENTATIONS = YES;
				CLANG_WARN_DIRECT_OBJC_ISA_USAGE = YES_ERROR;
				CLANG_WARN_DOCUMENTATION_COMMENTS = YES;
				CLANG_WARN_EMPTY_BODY = YES;
				CLANG_WARN_ENUM_CONVERSION = YES;
				CLANG_WARN_INFINITE_RECURSION = YES;
				CLANG_WARN_INT_CONVERSION = YES;
				CLANG_WARN_NON_LITERAL_NULL_CONVERSION = YES;
				CLANG_WARN_OBJC_IMPLICIT_RETAIN_SELF = YES;
				CLANG_WARN_OBJC_LITERAL_CONVERSION = YES;
				CLANG_WARN_OBJC_ROOT_CLASS = YES_ERROR;
				CLANG_WARN_QUOTED_INCLUDE_IN_FRAMEWORK_HEADER = YES;
				CLANG_WARN_RANGE_LOOP_ANALYSIS = YES;
				CLANG_WARN_STRICT_PROTOTYPES = YES;
				CLANG_WARN_SUSPICIOUS_MOVE = YES;
				CLANG_WARN_UNGUARDED_AVAILABILITY = YES_AGGRESSIVE;
				CLANG_WARN_UNREACHABLE_CODE = YES;
				CLANG_WARN__DUPLICATE_METHOD_MATCH = YES;
				COPY_PHASE_STRIP = NO;
				DEBUG_INFORMATION_FORMAT = "dwarf-with-dsym";
				ENABLE_NS_ASSERTIONS = NO;
				ENABLE_STRICT_OBJC_MSGSEND = YES;
				ENABLE_USER_SCRIPT_SANDBOXING = YES;
				GCC_C_LANGUAGE_STANDARD = gnu17;
				GCC_NO_COMMON_BLOCKS = YES;
				GCC_WARN_64_TO_32_BIT_CONVERSION = YES;
				GCC_WARN_ABOUT_RETURN_TYPE = YES_ERROR;
				GCC_WARN_UNDECLARED_SELECTOR = YES;
				GCC_WARN_UNINITIALIZED_AUTOS = YES_AGGRESSIVE;
				GCC_WARN_UNUSED_FUNCTION = YES;
				GCC_WARN_UNUSED_VARIABLE = YES;
				IPHONEOS_DEPLOYMENT_TARGET = 17.4;
				LOCALIZATION_PREFERS_STRING_CATALOGS = YES;
				MTL_ENABLE_DEBUG_INFO = NO;
				MTL_FAST_MATH = YES;
				SDKROOT = iphoneos;
				SWIFT_COMPILATION_MODE = wholemodule;
				VALIDATE_PRODUCT = YES;
			};
			name = Release;
		};
		B5BF87C62BF0846A009FCE41 /* Debug */ = {
			isa = XCBuildConfiguration;
			buildSettings = {
				ASSETCATALOG_COMPILER_APPICON_NAME = AppIcon;
				ASSETCATALOG_COMPILER_GLOBAL_ACCENT_COLOR_NAME = AccentColor;
				CODE_SIGN_STYLE = Automatic;
				CURRENT_PROJECT_VERSION = 1;
				DEVELOPMENT_ASSET_PATHS = "\"IWasHere/Preview Content\"";
				DEVELOPMENT_TEAM = AL6U4A6MAQ;
				ENABLE_PREVIEWS = YES;
				GENERATE_INFOPLIST_FILE = YES;
				INFOPLIST_FILE = IWasHere/Info.plist;
				INFOPLIST_KEY_CFBundleDisplayName = IWasHere;
				INFOPLIST_KEY_LSApplicationCategoryType = "public.app-category.photography";
				INFOPLIST_KEY_NSCameraUsageDescription = "Please allow to take photo.";
				INFOPLIST_KEY_UIApplicationSceneManifest_Generation = YES;
				INFOPLIST_KEY_UIApplicationSupportsIndirectInputEvents = YES;
				INFOPLIST_KEY_UILaunchScreen_Generation = YES;
				INFOPLIST_KEY_UILaunchStoryboardName = LaunchScreen.storyboard;
				INFOPLIST_KEY_UISupportedInterfaceOrientations = "UIInterfaceOrientationLandscapeLeft UIInterfaceOrientationLandscapeRight UIInterfaceOrientationPortrait";
				INFOPLIST_KEY_UISupportedInterfaceOrientations_iPad = UIInterfaceOrientationPortrait;
				LD_RUNPATH_SEARCH_PATHS = (
					"$(inherited)",
					"@executable_path/Frameworks",
				);
				MARKETING_VERSION = 1.0;
				PRODUCT_BUNDLE_IDENTIFIER = matthewzierl.IWasHere;
				PRODUCT_NAME = "$(TARGET_NAME)";
				SWIFT_EMIT_LOC_STRINGS = YES;
				SWIFT_VERSION = 5.0;
				TARGETED_DEVICE_FAMILY = "1,2";
			};
			name = Debug;
		};
		B5BF87C72BF0846A009FCE41 /* Release */ = {
			isa = XCBuildConfiguration;
			buildSettings = {
				ASSETCATALOG_COMPILER_APPICON_NAME = AppIcon;
				ASSETCATALOG_COMPILER_GLOBAL_ACCENT_COLOR_NAME = AccentColor;
				CODE_SIGN_STYLE = Automatic;
				CURRENT_PROJECT_VERSION = 1;
				DEVELOPMENT_ASSET_PATHS = "\"IWasHere/Preview Content\"";
				DEVELOPMENT_TEAM = AL6U4A6MAQ;
				ENABLE_PREVIEWS = YES;
				GENERATE_INFOPLIST_FILE = YES;
				INFOPLIST_FILE = IWasHere/Info.plist;
				INFOPLIST_KEY_CFBundleDisplayName = IWasHere;
				INFOPLIST_KEY_LSApplicationCategoryType = "public.app-category.photography";
				INFOPLIST_KEY_NSCameraUsageDescription = "Please allow to take photo.";
				INFOPLIST_KEY_UIApplicationSceneManifest_Generation = YES;
				INFOPLIST_KEY_UIApplicationSupportsIndirectInputEvents = YES;
				INFOPLIST_KEY_UILaunchScreen_Generation = YES;
				INFOPLIST_KEY_UILaunchStoryboardName = LaunchScreen.storyboard;
				INFOPLIST_KEY_UISupportedInterfaceOrientations = "UIInterfaceOrientationLandscapeLeft UIInterfaceOrientationLandscapeRight UIInterfaceOrientationPortrait";
				INFOPLIST_KEY_UISupportedInterfaceOrientations_iPad = UIInterfaceOrientationPortrait;
				LD_RUNPATH_SEARCH_PATHS = (
					"$(inherited)",
					"@executable_path/Frameworks",
				);
				MARKETING_VERSION = 1.0;
				PRODUCT_BUNDLE_IDENTIFIER = matthewzierl.IWasHere;
				PRODUCT_NAME = "$(TARGET_NAME)";
				SWIFT_EMIT_LOC_STRINGS = YES;
				SWIFT_VERSION = 5.0;
				TARGETED_DEVICE_FAMILY = "1,2";
			};
			name = Release;
		};
/* End XCBuildConfiguration section */

/* Begin XCConfigurationList section */
		B5BF879C2BF08469009FCE41 /* Build configuration list for PBXProject "IWasHere" */ = {
			isa = XCConfigurationList;
			buildConfigurations = (
				B5BF87C32BF0846A009FCE41 /* Debug */,
				B5BF87C42BF0846A009FCE41 /* Release */,
			);
			defaultConfigurationIsVisible = 0;
			defaultConfigurationName = Release;
		};
		B5BF87C52BF0846A009FCE41 /* Build configuration list for PBXNativeTarget "IWasHere" */ = {
			isa = XCConfigurationList;
			buildConfigurations = (
				B5BF87C62BF0846A009FCE41 /* Debug */,
				B5BF87C72BF0846A009FCE41 /* Release */,
			);
			defaultConfigurationIsVisible = 0;
			defaultConfigurationName = Release;
		};
/* End XCConfigurationList section */
	};
	rootObject = B5BF87992BF08469009FCE41 /* Project object */;
}
